// !$*UTF8*$!
{
	archiveVersion = 1;
	classes = {
	};
	objectVersion = 51;
	objects = {

/* Begin PBXBuildFile section */
		75401B2224910CD600FF30B5 /* MembershipVC.swift in Sources */ = {isa = PBXBuildFile; fileRef = 75401B2124910CD600FF30B5 /* MembershipVC.swift */; };
		755824E8246716C400E9D67B /* Localizable.strings in Resources */ = {isa = PBXBuildFile; fileRef = 755824EA246716C400E9D67B /* Localizable.strings */; };
		756C7BD32498F231006B856B /* Constants.swift in Sources */ = {isa = PBXBuildFile; fileRef = 756C7BD02498F230006B856B /* Constants.swift */; };
		75A1D99A2452081F00B7EFF0 /* StreamVC.swift in Sources */ = {isa = PBXBuildFile; fileRef = 75A1D9992452081F00B7EFF0 /* StreamVC.swift */; };
		75A3DFE624112F3100DF55D2 /* GoogleService-Info.plist in Resources */ = {isa = PBXBuildFile; fileRef = 75A3DFE524112F3100DF55D2 /* GoogleService-Info.plist */; };
		75AF28D9244859D200B40C20 /* StoreKit.framework in Frameworks */ = {isa = PBXBuildFile; fileRef = 75AF28D8244859D200B40C20 /* StoreKit.framework */; };
		75B665222448576A000971EE /* TabBar.swift in Sources */ = {isa = PBXBuildFile; fileRef = 75B665202448576A000971EE /* TabBar.swift */; };
		75B665232448576A000971EE /* SignUpVC.swift in Sources */ = {isa = PBXBuildFile; fileRef = 75B665212448576A000971EE /* SignUpVC.swift */; };
		75B6652924485793000971EE /* HomeVC.swift in Sources */ = {isa = PBXBuildFile; fileRef = 75B6652824485793000971EE /* HomeVC.swift */; };
		75B6652B2448579D000971EE /* DetailsVC.swift in Sources */ = {isa = PBXBuildFile; fileRef = 75B6652A2448579D000971EE /* DetailsVC.swift */; };
		75B665382448581E000971EE /* WorkoutCell.swift in Sources */ = {isa = PBXBuildFile; fileRef = 75B665372448581E000971EE /* WorkoutCell.swift */; };
		75B6653D24485886000971EE /* Workout.swift in Sources */ = {isa = PBXBuildFile; fileRef = 75B6653A24485886000971EE /* Workout.swift */; };
		75B6653E24485886000971EE /* WorkoutFirebase.swift in Sources */ = {isa = PBXBuildFile; fileRef = 75B6653B24485886000971EE /* WorkoutFirebase.swift */; };
		75B6653F24485886000971EE /* WorkoutService.swift in Sources */ = {isa = PBXBuildFile; fileRef = 75B6653C24485886000971EE /* WorkoutService.swift */; };
		75B66542244858E3000971EE /* Account.swift in Sources */ = {isa = PBXBuildFile; fileRef = 75B66541244858E3000971EE /* Account.swift */; };
		75BEBD8F245EE26D0057BE87 /* ProfilVC.swift in Sources */ = {isa = PBXBuildFile; fileRef = 75BEBD8E245EE26D0057BE87 /* ProfilVC.swift */; };
		75C05A93240FE3DC0032832D /* AppDelegate.swift in Sources */ = {isa = PBXBuildFile; fileRef = 75C05A92240FE3DC0032832D /* AppDelegate.swift */; };
		75C05A95240FE3DC0032832D /* SceneDelegate.swift in Sources */ = {isa = PBXBuildFile; fileRef = 75C05A94240FE3DC0032832D /* SceneDelegate.swift */; };
		75C05A9C240FE3DE0032832D /* Assets.xcassets in Resources */ = {isa = PBXBuildFile; fileRef = 75C05A9B240FE3DE0032832D /* Assets.xcassets */; };
		75C05A9F240FE3DE0032832D /* LaunchScreen.storyboard in Resources */ = {isa = PBXBuildFile; fileRef = 75C05A9D240FE3DE0032832D /* LaunchScreen.storyboard */; };
		75C05AAA240FE3DE0032832D /* SwaysTests.swift in Sources */ = {isa = PBXBuildFile; fileRef = 75C05AA9240FE3DE0032832D /* SwaysTests.swift */; };
		75C05AB5240FE3DE0032832D /* SwaysUITests.swift in Sources */ = {isa = PBXBuildFile; fileRef = 75C05AB4240FE3DE0032832D /* SwaysUITests.swift */; };
		75C8720A24AF619B00529154 /* CustomButton.swift in Sources */ = {isa = PBXBuildFile; fileRef = 75C8720924AF619B00529154 /* CustomButton.swift */; };
		75CA51A0249E4752003A33D0 /* CourseVC.swift in Sources */ = {isa = PBXBuildFile; fileRef = 75CA519F249E4752003A33D0 /* CourseVC.swift */; };
		75CA51A2249E4786003A33D0 /* CategoriesCell.swift in Sources */ = {isa = PBXBuildFile; fileRef = 75CA51A1249E4786003A33D0 /* CategoriesCell.swift */; };
		75CA51A7249E47BF003A33D0 /* CollectionFirebase.swift in Sources */ = {isa = PBXBuildFile; fileRef = 75CA51A4249E47BE003A33D0 /* CollectionFirebase.swift */; };
		75CA51A8249E47BF003A33D0 /* collectionService.swift in Sources */ = {isa = PBXBuildFile; fileRef = 75CA51A5249E47BE003A33D0 /* collectionService.swift */; };
		75CA51A9249E47BF003A33D0 /* collection.swift in Sources */ = {isa = PBXBuildFile; fileRef = 75CA51A6249E47BF003A33D0 /* collection.swift */; };
		75CA51AB249E49BD003A33D0 /* DetailsVideoVC.swift in Sources */ = {isa = PBXBuildFile; fileRef = 75CA51AA249E49BD003A33D0 /* DetailsVideoVC.swift */; };
		75CA51B0249E49F5003A33D0 /* video.swift in Sources */ = {isa = PBXBuildFile; fileRef = 75CA51AD249E49F5003A33D0 /* video.swift */; };
		75CA51B1249E49F5003A33D0 /* VideoFirebase.swift in Sources */ = {isa = PBXBuildFile; fileRef = 75CA51AE249E49F5003A33D0 /* VideoFirebase.swift */; };
		75CA51B2249E49F5003A33D0 /* VideoService.swift in Sources */ = {isa = PBXBuildFile; fileRef = 75CA51AF249E49F5003A33D0 /* VideoService.swift */; };
		75CA51B4249E4A0E003A33D0 /* videoCell.swift in Sources */ = {isa = PBXBuildFile; fileRef = 75CA51B3249E4A0E003A33D0 /* videoCell.swift */; };
		75E26DED2488044F00B5DDB4 /* sways_Intro.mp4 in Resources */ = {isa = PBXBuildFile; fileRef = 75E26DEC2488043600B5DDB4 /* sways_Intro.mp4 */; };
		D8380EA924B3370F00CFAD33 /* UIViewController+Alert.swift in Sources */ = {isa = PBXBuildFile; fileRef = D8380EA824B3370F00CFAD33 /* UIViewController+Alert.swift */; };
		E931ED819C9E4BFA47C2E241 /* Pods_Sways.framework in Frameworks */ = {isa = PBXBuildFile; fileRef = 7AE2245A9CD412941AABA9C9 /* Pods_Sways.framework */; };
/* End PBXBuildFile section */

/* Begin PBXContainerItemProxy section */
		75C05AA6240FE3DE0032832D /* PBXContainerItemProxy */ = {
			isa = PBXContainerItemProxy;
			containerPortal = 75C05A87240FE3DC0032832D /* Project object */;
			proxyType = 1;
			remoteGlobalIDString = 75C05A8E240FE3DC0032832D;
			remoteInfo = Sways;
		};
		75C05AB1240FE3DE0032832D /* PBXContainerItemProxy */ = {
			isa = PBXContainerItemProxy;
			containerPortal = 75C05A87240FE3DC0032832D /* Project object */;
			proxyType = 1;
			remoteGlobalIDString = 75C05A8E240FE3DC0032832D;
			remoteInfo = Sways;
		};
/* End PBXContainerItemProxy section */

/* Begin PBXFileReference section */
		6E820EB42A9E66D1EE97B54C /* Pods-Sways.debug.xcconfig */ = {isa = PBXFileReference; includeInIndex = 1; lastKnownFileType = text.xcconfig; name = "Pods-Sways.debug.xcconfig"; path = "Target Support Files/Pods-Sways/Pods-Sways.debug.xcconfig"; sourceTree = "<group>"; };
		7532230D2468833C007FC3E8 /* fr */ = {isa = PBXFileReference; lastKnownFileType = text.plist.strings; name = fr; path = fr.lproj/LaunchScreen.strings; sourceTree = "<group>"; };
		7532230E2468833D007FC3E8 /* fr */ = {isa = PBXFileReference; lastKnownFileType = text.plist.strings; name = fr; path = fr.lproj/Localizable.strings; sourceTree = "<group>"; };
		75401B2124910CD600FF30B5 /* MembershipVC.swift */ = {isa = PBXFileReference; fileEncoding = 4; lastKnownFileType = sourcecode.swift; path = MembershipVC.swift; sourceTree = "<group>"; };
		755824E52467168D00E9D67B /* es */ = {isa = PBXFileReference; lastKnownFileType = text.plist.strings; name = es; path = es.lproj/LaunchScreen.strings; sourceTree = "<group>"; };
		755824E9246716C400E9D67B /* es */ = {isa = PBXFileReference; lastKnownFileType = text.plist.strings; name = es; path = es.lproj/Localizable.strings; sourceTree = "<group>"; };
		755824EB246716E600E9D67B /* en */ = {isa = PBXFileReference; lastKnownFileType = text.plist.strings; name = en; path = en.lproj/Localizable.strings; sourceTree = "<group>"; };
		756C7BD02498F230006B856B /* Constants.swift */ = {isa = PBXFileReference; fileEncoding = 4; lastKnownFileType = sourcecode.swift; path = Constants.swift; sourceTree = "<group>"; };
		758C4AC224728843000E04A4 /* it */ = {isa = PBXFileReference; lastKnownFileType = text.plist.strings; name = it; path = it.lproj/LaunchScreen.strings; sourceTree = "<group>"; };
		758C4AC324728843000E04A4 /* it */ = {isa = PBXFileReference; lastKnownFileType = text.plist.strings; name = it; path = it.lproj/Localizable.strings; sourceTree = "<group>"; };
		75A1D9992452081F00B7EFF0 /* StreamVC.swift */ = {isa = PBXFileReference; lastKnownFileType = sourcecode.swift; path = StreamVC.swift; sourceTree = "<group>"; };
		75A3DFE424112D0900DF55D2 /* Sways.entitlements */ = {isa = PBXFileReference; lastKnownFileType = text.plist.entitlements; path = Sways.entitlements; sourceTree = "<group>"; };
		75A3DFE524112F3100DF55D2 /* GoogleService-Info.plist */ = {isa = PBXFileReference; fileEncoding = 4; lastKnownFileType = text.plist.xml; path = "GoogleService-Info.plist"; sourceTree = "<group>"; };
		75AF28D8244859D200B40C20 /* StoreKit.framework */ = {isa = PBXFileReference; lastKnownFileType = wrapper.framework; name = StoreKit.framework; path = System/Library/Frameworks/StoreKit.framework; sourceTree = SDKROOT; };
		75B665202448576A000971EE /* TabBar.swift */ = {isa = PBXFileReference; fileEncoding = 4; lastKnownFileType = sourcecode.swift; path = TabBar.swift; sourceTree = "<group>"; };
		75B665212448576A000971EE /* SignUpVC.swift */ = {isa = PBXFileReference; fileEncoding = 4; lastKnownFileType = sourcecode.swift; path = SignUpVC.swift; sourceTree = "<group>"; };
		75B6652824485793000971EE /* HomeVC.swift */ = {isa = PBXFileReference; fileEncoding = 4; lastKnownFileType = sourcecode.swift; path = HomeVC.swift; sourceTree = "<group>"; };
		75B6652A2448579D000971EE /* DetailsVC.swift */ = {isa = PBXFileReference; fileEncoding = 4; lastKnownFileType = sourcecode.swift; path = DetailsVC.swift; sourceTree = "<group>"; };
		75B665372448581E000971EE /* WorkoutCell.swift */ = {isa = PBXFileReference; fileEncoding = 4; lastKnownFileType = sourcecode.swift; path = WorkoutCell.swift; sourceTree = "<group>"; };
		75B6653A24485886000971EE /* Workout.swift */ = {isa = PBXFileReference; fileEncoding = 4; lastKnownFileType = sourcecode.swift; path = Workout.swift; sourceTree = "<group>"; };
		75B6653B24485886000971EE /* WorkoutFirebase.swift */ = {isa = PBXFileReference; fileEncoding = 4; lastKnownFileType = sourcecode.swift; path = WorkoutFirebase.swift; sourceTree = "<group>"; };
		75B6653C24485886000971EE /* WorkoutService.swift */ = {isa = PBXFileReference; fileEncoding = 4; lastKnownFileType = sourcecode.swift; path = WorkoutService.swift; sourceTree = "<group>"; };
		75B66541244858E3000971EE /* Account.swift */ = {isa = PBXFileReference; fileEncoding = 4; lastKnownFileType = sourcecode.swift; path = Account.swift; sourceTree = "<group>"; };
		75BEBD8E245EE26D0057BE87 /* ProfilVC.swift */ = {isa = PBXFileReference; lastKnownFileType = sourcecode.swift; path = ProfilVC.swift; sourceTree = "<group>"; };
		75C05A8F240FE3DC0032832D /* Sways.app */ = {isa = PBXFileReference; explicitFileType = wrapper.application; includeInIndex = 0; path = Sways.app; sourceTree = BUILT_PRODUCTS_DIR; };
		75C05A92240FE3DC0032832D /* AppDelegate.swift */ = {isa = PBXFileReference; lastKnownFileType = sourcecode.swift; path = AppDelegate.swift; sourceTree = "<group>"; };
		75C05A94240FE3DC0032832D /* SceneDelegate.swift */ = {isa = PBXFileReference; lastKnownFileType = sourcecode.swift; path = SceneDelegate.swift; sourceTree = "<group>"; };
		75C05A9B240FE3DE0032832D /* Assets.xcassets */ = {isa = PBXFileReference; lastKnownFileType = folder.assetcatalog; path = Assets.xcassets; sourceTree = "<group>"; };
		75C05A9E240FE3DE0032832D /* Base */ = {isa = PBXFileReference; lastKnownFileType = file.storyboard; name = Base; path = Base.lproj/LaunchScreen.storyboard; sourceTree = "<group>"; };
		75C05AA0240FE3DE0032832D /* Info.plist */ = {isa = PBXFileReference; lastKnownFileType = text.plist.xml; path = Info.plist; sourceTree = "<group>"; };
		75C05AA5240FE3DE0032832D /* SwaysTests.xctest */ = {isa = PBXFileReference; explicitFileType = wrapper.cfbundle; includeInIndex = 0; path = SwaysTests.xctest; sourceTree = BUILT_PRODUCTS_DIR; };
		75C05AA9240FE3DE0032832D /* SwaysTests.swift */ = {isa = PBXFileReference; lastKnownFileType = sourcecode.swift; path = SwaysTests.swift; sourceTree = "<group>"; };
		75C05AAB240FE3DE0032832D /* Info.plist */ = {isa = PBXFileReference; lastKnownFileType = text.plist.xml; path = Info.plist; sourceTree = "<group>"; };
		75C05AB0240FE3DE0032832D /* SwaysUITests.xctest */ = {isa = PBXFileReference; explicitFileType = wrapper.cfbundle; includeInIndex = 0; path = SwaysUITests.xctest; sourceTree = BUILT_PRODUCTS_DIR; };
		75C05AB4240FE3DE0032832D /* SwaysUITests.swift */ = {isa = PBXFileReference; lastKnownFileType = sourcecode.swift; path = SwaysUITests.swift; sourceTree = "<group>"; };
		75C05AB6240FE3DE0032832D /* Info.plist */ = {isa = PBXFileReference; lastKnownFileType = text.plist.xml; path = Info.plist; sourceTree = "<group>"; };
		75C8720924AF619B00529154 /* CustomButton.swift */ = {isa = PBXFileReference; lastKnownFileType = sourcecode.swift; path = CustomButton.swift; sourceTree = "<group>"; };
		75CA519F249E4752003A33D0 /* CourseVC.swift */ = {isa = PBXFileReference; lastKnownFileType = sourcecode.swift; path = CourseVC.swift; sourceTree = "<group>"; };
		75CA51A1249E4786003A33D0 /* CategoriesCell.swift */ = {isa = PBXFileReference; fileEncoding = 4; lastKnownFileType = sourcecode.swift; path = CategoriesCell.swift; sourceTree = "<group>"; };
		75CA51A4249E47BE003A33D0 /* CollectionFirebase.swift */ = {isa = PBXFileReference; fileEncoding = 4; lastKnownFileType = sourcecode.swift; path = CollectionFirebase.swift; sourceTree = "<group>"; };
		75CA51A5249E47BE003A33D0 /* collectionService.swift */ = {isa = PBXFileReference; fileEncoding = 4; lastKnownFileType = sourcecode.swift; path = collectionService.swift; sourceTree = "<group>"; };
		75CA51A6249E47BF003A33D0 /* collection.swift */ = {isa = PBXFileReference; fileEncoding = 4; lastKnownFileType = sourcecode.swift; path = collection.swift; sourceTree = "<group>"; };
		75CA51AA249E49BD003A33D0 /* DetailsVideoVC.swift */ = {isa = PBXFileReference; fileEncoding = 4; lastKnownFileType = sourcecode.swift; path = DetailsVideoVC.swift; sourceTree = "<group>"; };
		75CA51AD249E49F5003A33D0 /* video.swift */ = {isa = PBXFileReference; fileEncoding = 4; lastKnownFileType = sourcecode.swift; path = video.swift; sourceTree = "<group>"; };
		75CA51AE249E49F5003A33D0 /* VideoFirebase.swift */ = {isa = PBXFileReference; fileEncoding = 4; lastKnownFileType = sourcecode.swift; path = VideoFirebase.swift; sourceTree = "<group>"; };
		75CA51AF249E49F5003A33D0 /* VideoService.swift */ = {isa = PBXFileReference; fileEncoding = 4; lastKnownFileType = sourcecode.swift; path = VideoService.swift; sourceTree = "<group>"; };
		75CA51B3249E4A0E003A33D0 /* videoCell.swift */ = {isa = PBXFileReference; fileEncoding = 4; lastKnownFileType = sourcecode.swift; path = videoCell.swift; sourceTree = "<group>"; };
		75E26DEC2488043600B5DDB4 /* sways_Intro.mp4 */ = {isa = PBXFileReference; lastKnownFileType = file; path = sways_Intro.mp4; sourceTree = "<group>"; };
		7AE2245A9CD412941AABA9C9 /* Pods_Sways.framework */ = {isa = PBXFileReference; explicitFileType = wrapper.framework; includeInIndex = 0; path = Pods_Sways.framework; sourceTree = BUILT_PRODUCTS_DIR; };
		D8380EA824B3370F00CFAD33 /* UIViewController+Alert.swift */ = {isa = PBXFileReference; lastKnownFileType = sourcecode.swift; path = "UIViewController+Alert.swift"; sourceTree = "<group>"; };
		EE6375BBBBFA4BC865EDEBDD /* Pods-Sways.release.xcconfig */ = {isa = PBXFileReference; includeInIndex = 1; lastKnownFileType = text.xcconfig; name = "Pods-Sways.release.xcconfig"; path = "Target Support Files/Pods-Sways/Pods-Sways.release.xcconfig"; sourceTree = "<group>"; };
/* End PBXFileReference section */

/* Begin PBXFrameworksBuildPhase section */
		75C05A8C240FE3DC0032832D /* Frameworks */ = {
			isa = PBXFrameworksBuildPhase;
			buildActionMask = 2147483647;
			files = (
				75AF28D9244859D200B40C20 /* StoreKit.framework in Frameworks */,
				E931ED819C9E4BFA47C2E241 /* Pods_Sways.framework in Frameworks */,
			);
			runOnlyForDeploymentPostprocessing = 0;
		};
		75C05AA2240FE3DE0032832D /* Frameworks */ = {
			isa = PBXFrameworksBuildPhase;
			buildActionMask = 2147483647;
			files = (
			);
			runOnlyForDeploymentPostprocessing = 0;
		};
		75C05AAD240FE3DE0032832D /* Frameworks */ = {
			isa = PBXFrameworksBuildPhase;
			buildActionMask = 2147483647;
			files = (
			);
			runOnlyForDeploymentPostprocessing = 0;
		};
/* End PBXFrameworksBuildPhase section */

/* Begin PBXGroup section */
		4DC1B8DC81CDEFD9C4AA2416 /* Frameworks */ = {
			isa = PBXGroup;
			children = (
				75AF28D8244859D200B40C20 /* StoreKit.framework */,
				7AE2245A9CD412941AABA9C9 /* Pods_Sways.framework */,
			);
			name = Frameworks;
			sourceTree = "<group>";
		};
		75885E082411C10E00960DD8 /* Controllers */ = {
			isa = PBXGroup;
			children = (
				75B665212448576A000971EE /* SignUpVC.swift */,
				75B665202448576A000971EE /* TabBar.swift */,
				75B6652824485793000971EE /* HomeVC.swift */,
				75B6652A2448579D000971EE /* DetailsVC.swift */,
				75BEBD8E245EE26D0057BE87 /* ProfilVC.swift */,
				75A1D9992452081F00B7EFF0 /* StreamVC.swift */,
				75CA519F249E4752003A33D0 /* CourseVC.swift */,
				75CA51AA249E49BD003A33D0 /* DetailsVideoVC.swift */,
				75401B2124910CD600FF30B5 /* MembershipVC.swift */,
			);
			path = Controllers;
			sourceTree = "<group>";
		};
		75885E0B2411C19400960DD8 /* Models */ = {
			isa = PBXGroup;
			children = (
				75CA51AC249E49E4003A33D0 /* Videos */,
				75CA51A3249E47AF003A33D0 /* Collection */,
				75B66540244858D8000971EE /* Profile */,
				75B6653924485877000971EE /* Workout */,
			);
			path = Models;
			sourceTree = "<group>";
		};
		75AF28D72448599100B40C20 /* Sways */ = {
			isa = PBXGroup;
			children = (
				75A3DFE424112D0900DF55D2 /* Sways.entitlements */,
				75C05A92240FE3DC0032832D /* AppDelegate.swift */,
				75C05A94240FE3DC0032832D /* SceneDelegate.swift */,
				75C05A9B240FE3DE0032832D /* Assets.xcassets */,
				75E26DEC2488043600B5DDB4 /* sways_Intro.mp4 */,
				75C05A9D240FE3DE0032832D /* LaunchScreen.storyboard */,
				75C05AA0240FE3DE0032832D /* Info.plist */,
				75A3DFE524112F3100DF55D2 /* GoogleService-Info.plist */,
			);
			path = Sways;
			sourceTree = "<group>";
		};
		75B6652F244857C8000971EE /* InAppPurchase */ = {
			isa = PBXGroup;
			children = (
				756C7BD02498F230006B856B /* Constants.swift */,
			);
			path = InAppPurchase;
			sourceTree = "<group>";
		};
		75B6653624485813000971EE /* Cells */ = {
			isa = PBXGroup;
			children = (
				75CA51B3249E4A0E003A33D0 /* videoCell.swift */,
				75B665372448581E000971EE /* WorkoutCell.swift */,
				75CA51A1249E4786003A33D0 /* CategoriesCell.swift */,
			);
			path = Cells;
			sourceTree = "<group>";
		};
		75B6653924485877000971EE /* Workout */ = {
			isa = PBXGroup;
			children = (
				75B6653A24485886000971EE /* Workout.swift */,
				75B6653B24485886000971EE /* WorkoutFirebase.swift */,
				75B6653C24485886000971EE /* WorkoutService.swift */,
			);
			path = Workout;
			sourceTree = "<group>";
		};
		75B66540244858D8000971EE /* Profile */ = {
			isa = PBXGroup;
			children = (
				75B66541244858E3000971EE /* Account.swift */,
			);
			path = Profile;
			sourceTree = "<group>";
		};
		75C05A86240FE3DC0032832D = {
			isa = PBXGroup;
			children = (
				755824EA246716C400E9D67B /* Localizable.strings */,
				75AF28D72448599100B40C20 /* Sways */,
				75885E082411C10E00960DD8 /* Controllers */,
				75B6653624485813000971EE /* Cells */,
				75C8720824AF616200529154 /* Helpers */,
				75B6652F244857C8000971EE /* InAppPurchase */,
				75885E0B2411C19400960DD8 /* Models */,
				75C05AA8240FE3DE0032832D /* SwaysTests */,
				75C05AB3240FE3DE0032832D /* SwaysUITests */,
				75C05A90240FE3DC0032832D /* Products */,
				F768655A8B1A7BFDB2158664 /* Pods */,
				4DC1B8DC81CDEFD9C4AA2416 /* Frameworks */,
			);
			sourceTree = "<group>";
		};
		75C05A90240FE3DC0032832D /* Products */ = {
			isa = PBXGroup;
			children = (
				75C05A8F240FE3DC0032832D /* Sways.app */,
				75C05AA5240FE3DE0032832D /* SwaysTests.xctest */,
				75C05AB0240FE3DE0032832D /* SwaysUITests.xctest */,
			);
			name = Products;
			sourceTree = "<group>";
		};
		75C05AA8240FE3DE0032832D /* SwaysTests */ = {
			isa = PBXGroup;
			children = (
				75C05AA9240FE3DE0032832D /* SwaysTests.swift */,
				75C05AAB240FE3DE0032832D /* Info.plist */,
			);
			path = SwaysTests;
			sourceTree = "<group>";
		};
		75C05AB3240FE3DE0032832D /* SwaysUITests */ = {
			isa = PBXGroup;
			children = (
				75C05AB4240FE3DE0032832D /* SwaysUITests.swift */,
				75C05AB6240FE3DE0032832D /* Info.plist */,
			);
			path = SwaysUITests;
			sourceTree = "<group>";
		};
		75C8720824AF616200529154 /* Helpers */ = {
			isa = PBXGroup;
			children = (
				75C8720924AF619B00529154 /* CustomButton.swift */,
				D8380EA824B3370F00CFAD33 /* UIViewController+Alert.swift */,
			);
			path = Helpers;
			sourceTree = "<group>";
		};
		75CA51A3249E47AF003A33D0 /* Collection */ = {
			isa = PBXGroup;
			children = (
				75CA51A6249E47BF003A33D0 /* collection.swift */,
				75CA51A4249E47BE003A33D0 /* CollectionFirebase.swift */,
				75CA51A5249E47BE003A33D0 /* collectionService.swift */,
			);
			path = Collection;
			sourceTree = "<group>";
		};
		75CA51AC249E49E4003A33D0 /* Videos */ = {
			isa = PBXGroup;
			children = (
				75CA51AD249E49F5003A33D0 /* video.swift */,
				75CA51AE249E49F5003A33D0 /* VideoFirebase.swift */,
				75CA51AF249E49F5003A33D0 /* VideoService.swift */,
			);
			path = Videos;
			sourceTree = "<group>";
		};
		F768655A8B1A7BFDB2158664 /* Pods */ = {
			isa = PBXGroup;
			children = (
				6E820EB42A9E66D1EE97B54C /* Pods-Sways.debug.xcconfig */,
				EE6375BBBBFA4BC865EDEBDD /* Pods-Sways.release.xcconfig */,
			);
			path = Pods;
			sourceTree = "<group>";
		};
/* End PBXGroup section */

/* Begin PBXNativeTarget section */
		75C05A8E240FE3DC0032832D /* Sways */ = {
			isa = PBXNativeTarget;
			buildConfigurationList = 75C05AB9240FE3DE0032832D /* Build configuration list for PBXNativeTarget "Sways" */;
			buildPhases = (
				88A6A00FC77203C8C2B9C13B /* [CP] Check Pods Manifest.lock */,
				75C05A8B240FE3DC0032832D /* Sources */,
				75C05A8C240FE3DC0032832D /* Frameworks */,
				75C05A8D240FE3DC0032832D /* Resources */,
				755D8FD624326E4A00AFB843 /* ShellScript */,
				B9A364EE3A32A1666290D69A /* [CP] Embed Pods Frameworks */,
			);
			buildRules = (
			);
			dependencies = (
			);
			name = Sways;
			productName = Sways;
			productReference = 75C05A8F240FE3DC0032832D /* Sways.app */;
			productType = "com.apple.product-type.application";
		};
		75C05AA4240FE3DE0032832D /* SwaysTests */ = {
			isa = PBXNativeTarget;
			buildConfigurationList = 75C05ABC240FE3DE0032832D /* Build configuration list for PBXNativeTarget "SwaysTests" */;
			buildPhases = (
				75C05AA1240FE3DE0032832D /* Sources */,
				75C05AA2240FE3DE0032832D /* Frameworks */,
				75C05AA3240FE3DE0032832D /* Resources */,
			);
			buildRules = (
			);
			dependencies = (
				75C05AA7240FE3DE0032832D /* PBXTargetDependency */,
			);
			name = SwaysTests;
			productName = SwaysTests;
			productReference = 75C05AA5240FE3DE0032832D /* SwaysTests.xctest */;
			productType = "com.apple.product-type.bundle.unit-test";
		};
		75C05AAF240FE3DE0032832D /* SwaysUITests */ = {
			isa = PBXNativeTarget;
			buildConfigurationList = 75C05ABF240FE3DE0032832D /* Build configuration list for PBXNativeTarget "SwaysUITests" */;
			buildPhases = (
				75C05AAC240FE3DE0032832D /* Sources */,
				75C05AAD240FE3DE0032832D /* Frameworks */,
				75C05AAE240FE3DE0032832D /* Resources */,
			);
			buildRules = (
			);
			dependencies = (
				75C05AB2240FE3DE0032832D /* PBXTargetDependency */,
			);
			name = SwaysUITests;
			productName = SwaysUITests;
			productReference = 75C05AB0240FE3DE0032832D /* SwaysUITests.xctest */;
			productType = "com.apple.product-type.bundle.ui-testing";
		};
/* End PBXNativeTarget section */

/* Begin PBXProject section */
		75C05A87240FE3DC0032832D /* Project object */ = {
			isa = PBXProject;
			attributes = {
				LastSwiftUpdateCheck = 1130;
				LastUpgradeCheck = 1130;
				ORGANIZATIONNAME = "Sullivan De carli";
				TargetAttributes = {
					75C05A8E240FE3DC0032832D = {
						CreatedOnToolsVersion = 11.3.1;
					};
					75C05AA4240FE3DE0032832D = {
						CreatedOnToolsVersion = 11.3.1;
						TestTargetID = 75C05A8E240FE3DC0032832D;
					};
					75C05AAF240FE3DE0032832D = {
						CreatedOnToolsVersion = 11.3.1;
						TestTargetID = 75C05A8E240FE3DC0032832D;
					};
				};
			};
			buildConfigurationList = 75C05A8A240FE3DC0032832D /* Build configuration list for PBXProject "Sways" */;
			compatibilityVersion = "Xcode 9.3";
			developmentRegion = en;
			hasScannedForEncodings = 0;
			knownRegions = (
				en,
				Base,
				es,
				fr,
				it,
			);
			mainGroup = 75C05A86240FE3DC0032832D;
			productRefGroup = 75C05A90240FE3DC0032832D /* Products */;
			projectDirPath = "";
			projectRoot = "";
			targets = (
				75C05A8E240FE3DC0032832D /* Sways */,
				75C05AA4240FE3DE0032832D /* SwaysTests */,
				75C05AAF240FE3DE0032832D /* SwaysUITests */,
			);
		};
/* End PBXProject section */

/* Begin PBXResourcesBuildPhase section */
		75C05A8D240FE3DC0032832D /* Resources */ = {
			isa = PBXResourcesBuildPhase;
			buildActionMask = 2147483647;
			files = (
				75E26DED2488044F00B5DDB4 /* sways_Intro.mp4 in Resources */,
				75C05A9F240FE3DE0032832D /* LaunchScreen.storyboard in Resources */,
				755824E8246716C400E9D67B /* Localizable.strings in Resources */,
				75C05A9C240FE3DE0032832D /* Assets.xcassets in Resources */,
				75A3DFE624112F3100DF55D2 /* GoogleService-Info.plist in Resources */,
			);
			runOnlyForDeploymentPostprocessing = 0;
		};
		75C05AA3240FE3DE0032832D /* Resources */ = {
			isa = PBXResourcesBuildPhase;
			buildActionMask = 2147483647;
			files = (
			);
			runOnlyForDeploymentPostprocessing = 0;
		};
		75C05AAE240FE3DE0032832D /* Resources */ = {
			isa = PBXResourcesBuildPhase;
			buildActionMask = 2147483647;
			files = (
			);
			runOnlyForDeploymentPostprocessing = 0;
		};
/* End PBXResourcesBuildPhase section */

/* Begin PBXShellScriptBuildPhase section */
		755D8FD624326E4A00AFB843 /* ShellScript */ = {
			isa = PBXShellScriptBuildPhase;
			buildActionMask = 2147483647;
			files = (
			);
			inputFileListPaths = (
			);
			inputPaths = (
			);
			outputFileListPaths = (
			);
			outputPaths = (
			);
			runOnlyForDeploymentPostprocessing = 0;
			shellPath = /bin/sh;
			shellScript = "
";
		};
		88A6A00FC77203C8C2B9C13B /* [CP] Check Pods Manifest.lock */ = {
			isa = PBXShellScriptBuildPhase;
			buildActionMask = 2147483647;
			files = (
			);
			inputFileListPaths = (
			);
			inputPaths = (
				"${PODS_PODFILE_DIR_PATH}/Podfile.lock",
				"${PODS_ROOT}/Manifest.lock",
			);
			name = "[CP] Check Pods Manifest.lock";
			outputFileListPaths = (
			);
			outputPaths = (
				"$(DERIVED_FILE_DIR)/Pods-Sways-checkManifestLockResult.txt",
			);
			runOnlyForDeploymentPostprocessing = 0;
			shellPath = /bin/sh;
			shellScript = "diff \"${PODS_PODFILE_DIR_PATH}/Podfile.lock\" \"${PODS_ROOT}/Manifest.lock\" > /dev/null\nif [ $? != 0 ] ; then\n    # print error to STDERR\n    echo \"error: The sandbox is not in sync with the Podfile.lock. Run 'pod install' or update your CocoaPods installation.\" >&2\n    exit 1\nfi\n# This output is used by Xcode 'outputs' to avoid re-running this script phase.\necho \"SUCCESS\" > \"${SCRIPT_OUTPUT_FILE_0}\"\n";
			showEnvVarsInLog = 0;
		};
		B9A364EE3A32A1666290D69A /* [CP] Embed Pods Frameworks */ = {
			isa = PBXShellScriptBuildPhase;
			buildActionMask = 2147483647;
			files = (
			);
			inputFileListPaths = (
				"${PODS_ROOT}/Target Support Files/Pods-Sways/Pods-Sways-frameworks-${CONFIGURATION}-input-files.xcfilelist",
			);
			name = "[CP] Embed Pods Frameworks";
			outputFileListPaths = (
				"${PODS_ROOT}/Target Support Files/Pods-Sways/Pods-Sways-frameworks-${CONFIGURATION}-output-files.xcfilelist",
			);
			runOnlyForDeploymentPostprocessing = 0;
			shellPath = /bin/sh;
			shellScript = "\"${PODS_ROOT}/Target Support Files/Pods-Sways/Pods-Sways-frameworks.sh\"\n";
			showEnvVarsInLog = 0;
		};
/* End PBXShellScriptBuildPhase section */

/* Begin PBXSourcesBuildPhase section */
		75C05A8B240FE3DC0032832D /* Sources */ = {
			isa = PBXSourcesBuildPhase;
			buildActionMask = 2147483647;
			files = (
				75C8720A24AF619B00529154 /* CustomButton.swift in Sources */,
				75CA51B1249E49F5003A33D0 /* VideoFirebase.swift in Sources */,
				75CA51B4249E4A0E003A33D0 /* videoCell.swift in Sources */,
				75B665382448581E000971EE /* WorkoutCell.swift in Sources */,
				75B6652B2448579D000971EE /* DetailsVC.swift in Sources */,
				75CA51A8249E47BF003A33D0 /* collectionService.swift in Sources */,
				75CA51A0249E4752003A33D0 /* CourseVC.swift in Sources */,
				75BEBD8F245EE26D0057BE87 /* ProfilVC.swift in Sources */,
				75A1D99A2452081F00B7EFF0 /* StreamVC.swift in Sources */,
				75B6653D24485886000971EE /* Workout.swift in Sources */,
				75B665232448576A000971EE /* SignUpVC.swift in Sources */,
				75CA51AB249E49BD003A33D0 /* DetailsVideoVC.swift in Sources */,
				D8380EA924B3370F00CFAD33 /* UIViewController+Alert.swift in Sources */,
				75CA51B2249E49F5003A33D0 /* VideoService.swift in Sources */,
				75C05A93240FE3DC0032832D /* AppDelegate.swift in Sources */,
				75CA51A7249E47BF003A33D0 /* CollectionFirebase.swift in Sources */,
				756C7BD32498F231006B856B /* Constants.swift in Sources */,
				75B6653E24485886000971EE /* WorkoutFirebase.swift in Sources */,
				75C05A95240FE3DC0032832D /* SceneDelegate.swift in Sources */,
				75401B2224910CD600FF30B5 /* MembershipVC.swift in Sources */,
				75CA51A9249E47BF003A33D0 /* collection.swift in Sources */,
				75B6653F24485886000971EE /* WorkoutService.swift in Sources */,
				75B6652924485793000971EE /* HomeVC.swift in Sources */,
				75B665222448576A000971EE /* TabBar.swift in Sources */,
				75CA51B0249E49F5003A33D0 /* video.swift in Sources */,
				75CA51A2249E4786003A33D0 /* CategoriesCell.swift in Sources */,
				75B66542244858E3000971EE /* Account.swift in Sources */,
			);
			runOnlyForDeploymentPostprocessing = 0;
		};
		75C05AA1240FE3DE0032832D /* Sources */ = {
			isa = PBXSourcesBuildPhase;
			buildActionMask = 2147483647;
			files = (
				75C05AAA240FE3DE0032832D /* SwaysTests.swift in Sources */,
			);
			runOnlyForDeploymentPostprocessing = 0;
		};
		75C05AAC240FE3DE0032832D /* Sources */ = {
			isa = PBXSourcesBuildPhase;
			buildActionMask = 2147483647;
			files = (
				75C05AB5240FE3DE0032832D /* SwaysUITests.swift in Sources */,
			);
			runOnlyForDeploymentPostprocessing = 0;
		};
/* End PBXSourcesBuildPhase section */

/* Begin PBXTargetDependency section */
		75C05AA7240FE3DE0032832D /* PBXTargetDependency */ = {
			isa = PBXTargetDependency;
			target = 75C05A8E240FE3DC0032832D /* Sways */;
			targetProxy = 75C05AA6240FE3DE0032832D /* PBXContainerItemProxy */;
		};
		75C05AB2240FE3DE0032832D /* PBXTargetDependency */ = {
			isa = PBXTargetDependency;
			target = 75C05A8E240FE3DC0032832D /* Sways */;
			targetProxy = 75C05AB1240FE3DE0032832D /* PBXContainerItemProxy */;
		};
/* End PBXTargetDependency section */

/* Begin PBXVariantGroup section */
		755824EA246716C400E9D67B /* Localizable.strings */ = {
			isa = PBXVariantGroup;
			children = (
				755824E9246716C400E9D67B /* es */,
				755824EB246716E600E9D67B /* en */,
				7532230E2468833D007FC3E8 /* fr */,
				758C4AC324728843000E04A4 /* it */,
			);
			name = Localizable.strings;
			sourceTree = "<group>";
		};
		75C05A9D240FE3DE0032832D /* LaunchScreen.storyboard */ = {
			isa = PBXVariantGroup;
			children = (
				75C05A9E240FE3DE0032832D /* Base */,
				755824E52467168D00E9D67B /* es */,
				7532230D2468833C007FC3E8 /* fr */,
				758C4AC224728843000E04A4 /* it */,
			);
			name = LaunchScreen.storyboard;
			sourceTree = "<group>";
		};
/* End PBXVariantGroup section */

/* Begin XCBuildConfiguration section */
		75C05AB7240FE3DE0032832D /* Debug */ = {
			isa = XCBuildConfiguration;
			buildSettings = {
				ALWAYS_SEARCH_USER_PATHS = NO;
				CLANG_ANALYZER_LOCALIZABILITY_NONLOCALIZED = YES;
				CLANG_ANALYZER_NONNULL = YES;
				CLANG_ANALYZER_NUMBER_OBJECT_CONVERSION = YES_AGGRESSIVE;
				CLANG_CXX_LANGUAGE_STANDARD = "gnu++14";
				CLANG_CXX_LIBRARY = "libc++";
				CLANG_ENABLE_MODULES = YES;
				CLANG_ENABLE_OBJC_ARC = YES;
				CLANG_ENABLE_OBJC_WEAK = YES;
				CLANG_WARN_BLOCK_CAPTURE_AUTORELEASING = YES;
				CLANG_WARN_BOOL_CONVERSION = YES;
				CLANG_WARN_COMMA = YES;
				CLANG_WARN_CONSTANT_CONVERSION = YES;
				CLANG_WARN_DEPRECATED_OBJC_IMPLEMENTATIONS = YES;
				CLANG_WARN_DIRECT_OBJC_ISA_USAGE = YES_ERROR;
				CLANG_WARN_DOCUMENTATION_COMMENTS = YES;
				CLANG_WARN_EMPTY_BODY = YES;
				CLANG_WARN_ENUM_CONVERSION = YES;
				CLANG_WARN_INFINITE_RECURSION = YES;
				CLANG_WARN_INT_CONVERSION = YES;
				CLANG_WARN_NON_LITERAL_NULL_CONVERSION = YES;
				CLANG_WARN_OBJC_IMPLICIT_RETAIN_SELF = YES;
				CLANG_WARN_OBJC_LITERAL_CONVERSION = YES;
				CLANG_WARN_OBJC_ROOT_CLASS = YES_ERROR;
				CLANG_WARN_RANGE_LOOP_ANALYSIS = YES;
				CLANG_WARN_STRICT_PROTOTYPES = YES;
				CLANG_WARN_SUSPICIOUS_MOVE = YES;
				CLANG_WARN_UNGUARDED_AVAILABILITY = YES_AGGRESSIVE;
				CLANG_WARN_UNREACHABLE_CODE = YES;
				CLANG_WARN__DUPLICATE_METHOD_MATCH = YES;
				COPY_PHASE_STRIP = NO;
				DEBUG_INFORMATION_FORMAT = dwarf;
				ENABLE_STRICT_OBJC_MSGSEND = YES;
				ENABLE_TESTABILITY = YES;
				GCC_C_LANGUAGE_STANDARD = gnu11;
				GCC_DYNAMIC_NO_PIC = NO;
				GCC_NO_COMMON_BLOCKS = YES;
				GCC_OPTIMIZATION_LEVEL = 0;
				GCC_PREPROCESSOR_DEFINITIONS = (
					"DEBUG=1",
					"$(inherited)",
				);
				GCC_WARN_64_TO_32_BIT_CONVERSION = YES;
				GCC_WARN_ABOUT_RETURN_TYPE = YES_ERROR;
				GCC_WARN_UNDECLARED_SELECTOR = YES;
				GCC_WARN_UNINITIALIZED_AUTOS = YES_AGGRESSIVE;
				GCC_WARN_UNUSED_FUNCTION = YES;
				GCC_WARN_UNUSED_VARIABLE = YES;
				IPHONEOS_DEPLOYMENT_TARGET = 13.2;
				MTL_ENABLE_DEBUG_INFO = INCLUDE_SOURCE;
				MTL_FAST_MATH = YES;
				ONLY_ACTIVE_ARCH = YES;
				SDKROOT = iphoneos;
				SWIFT_ACTIVE_COMPILATION_CONDITIONS = DEBUG;
				SWIFT_OPTIMIZATION_LEVEL = "-Onone";
			};
			name = Debug;
		};
		75C05AB8240FE3DE0032832D /* Release */ = {
			isa = XCBuildConfiguration;
			buildSettings = {
				ALWAYS_SEARCH_USER_PATHS = NO;
				CLANG_ANALYZER_LOCALIZABILITY_NONLOCALIZED = YES;
				CLANG_ANALYZER_NONNULL = YES;
				CLANG_ANALYZER_NUMBER_OBJECT_CONVERSION = YES_AGGRESSIVE;
				CLANG_CXX_LANGUAGE_STANDARD = "gnu++14";
				CLANG_CXX_LIBRARY = "libc++";
				CLANG_ENABLE_MODULES = YES;
				CLANG_ENABLE_OBJC_ARC = YES;
				CLANG_ENABLE_OBJC_WEAK = YES;
				CLANG_WARN_BLOCK_CAPTURE_AUTORELEASING = YES;
				CLANG_WARN_BOOL_CONVERSION = YES;
				CLANG_WARN_COMMA = YES;
				CLANG_WARN_CONSTANT_CONVERSION = YES;
				CLANG_WARN_DEPRECATED_OBJC_IMPLEMENTATIONS = YES;
				CLANG_WARN_DIRECT_OBJC_ISA_USAGE = YES_ERROR;
				CLANG_WARN_DOCUMENTATION_COMMENTS = YES;
				CLANG_WARN_EMPTY_BODY = YES;
				CLANG_WARN_ENUM_CONVERSION = YES;
				CLANG_WARN_INFINITE_RECURSION = YES;
				CLANG_WARN_INT_CONVERSION = YES;
				CLANG_WARN_NON_LITERAL_NULL_CONVERSION = YES;
				CLANG_WARN_OBJC_IMPLICIT_RETAIN_SELF = YES;
				CLANG_WARN_OBJC_LITERAL_CONVERSION = YES;
				CLANG_WARN_OBJC_ROOT_CLASS = YES_ERROR;
				CLANG_WARN_RANGE_LOOP_ANALYSIS = YES;
				CLANG_WARN_STRICT_PROTOTYPES = YES;
				CLANG_WARN_SUSPICIOUS_MOVE = YES;
				CLANG_WARN_UNGUARDED_AVAILABILITY = YES_AGGRESSIVE;
				CLANG_WARN_UNREACHABLE_CODE = YES;
				CLANG_WARN__DUPLICATE_METHOD_MATCH = YES;
				COPY_PHASE_STRIP = NO;
				DEBUG_INFORMATION_FORMAT = "dwarf-with-dsym";
				ENABLE_NS_ASSERTIONS = NO;
				ENABLE_STRICT_OBJC_MSGSEND = YES;
				GCC_C_LANGUAGE_STANDARD = gnu11;
				GCC_NO_COMMON_BLOCKS = YES;
				GCC_WARN_64_TO_32_BIT_CONVERSION = YES;
				GCC_WARN_ABOUT_RETURN_TYPE = YES_ERROR;
				GCC_WARN_UNDECLARED_SELECTOR = YES;
				GCC_WARN_UNINITIALIZED_AUTOS = YES_AGGRESSIVE;
				GCC_WARN_UNUSED_FUNCTION = YES;
				GCC_WARN_UNUSED_VARIABLE = YES;
				IPHONEOS_DEPLOYMENT_TARGET = 13.2;
				MTL_ENABLE_DEBUG_INFO = NO;
				MTL_FAST_MATH = YES;
				SDKROOT = iphoneos;
				SWIFT_COMPILATION_MODE = wholemodule;
				SWIFT_OPTIMIZATION_LEVEL = "-O";
				VALIDATE_PRODUCT = YES;
			};
			name = Release;
		};
		75C05ABA240FE3DE0032832D /* Debug */ = {
			isa = XCBuildConfiguration;
			baseConfigurationReference = 6E820EB42A9E66D1EE97B54C /* Pods-Sways.debug.xcconfig */;
			buildSettings = {
				ASSETCATALOG_COMPILER_APPICON_NAME = AppIcon;
				CODE_SIGN_ENTITLEMENTS = Sways/Sways.entitlements;
				CODE_SIGN_STYLE = Automatic;
				CURRENT_PROJECT_VERSION = 43;
				DEVELOPMENT_TEAM = GNP5RY8L8R;
				INFOPLIST_FILE = Sways/Info.plist;
				IPHONEOS_DEPLOYMENT_TARGET = 13.2;
				LD_RUNPATH_SEARCH_PATHS = (
					"$(inherited)",
					"@executable_path/Frameworks",
				);
				MARKETING_VERSION = 2.21;
				PRODUCT_BUNDLE_IDENTIFIER = "com.sullivan-decarli.Sways";
				PRODUCT_NAME = "$(TARGET_NAME)";
				SWIFT_VERSION = 5.0;
				TARGETED_DEVICE_FAMILY = "1,2";
			};
			name = Debug;
		};
		75C05ABB240FE3DE0032832D /* Release */ = {
			isa = XCBuildConfiguration;
			baseConfigurationReference = EE6375BBBBFA4BC865EDEBDD /* Pods-Sways.release.xcconfig */;
			buildSettings = {
				ASSETCATALOG_COMPILER_APPICON_NAME = AppIcon;
				CODE_SIGN_ENTITLEMENTS = Sways/Sways.entitlements;
				CODE_SIGN_STYLE = Automatic;
				CURRENT_PROJECT_VERSION = 43;
				DEVELOPMENT_TEAM = GNP5RY8L8R;
				INFOPLIST_FILE = Sways/Info.plist;
				IPHONEOS_DEPLOYMENT_TARGET = 13.2;
				LD_RUNPATH_SEARCH_PATHS = (
					"$(inherited)",
					"@executable_path/Frameworks",
				);
				MARKETING_VERSION = 2.21;
				PRODUCT_BUNDLE_IDENTIFIER = "com.sullivan-decarli.Sways";
				PRODUCT_NAME = "$(TARGET_NAME)";
				SWIFT_VERSION = 5.0;
				TARGETED_DEVICE_FAMILY = "1,2";
			};
			name = Release;
		};
		75C05ABD240FE3DE0032832D /* Debug */ = {
			isa = XCBuildConfiguration;
			buildSettings = {
				BUNDLE_LOADER = "$(TEST_HOST)";
				CODE_SIGN_STYLE = Automatic;
				DEVELOPMENT_TEAM = GNP5RY8L8R;
				INFOPLIST_FILE = SwaysTests/Info.plist;
				IPHONEOS_DEPLOYMENT_TARGET = 13.2;
				LD_RUNPATH_SEARCH_PATHS = (
					"$(inherited)",
					"@executable_path/Frameworks",
					"@loader_path/Frameworks",
				);
				PRODUCT_BUNDLE_IDENTIFIER = "com.sullivan-decarli.SwaysTests";
				PRODUCT_NAME = "$(TARGET_NAME)";
				SWIFT_VERSION = 5.0;
				TARGETED_DEVICE_FAMILY = "1,2";
				TEST_HOST = "$(BUILT_PRODUCTS_DIR)/Sways.app/Sways";
			};
			name = Debug;
		};
		75C05ABE240FE3DE0032832D /* Release */ = {
			isa = XCBuildConfiguration;
			buildSettings = {
				BUNDLE_LOADER = "$(TEST_HOST)";
				CODE_SIGN_STYLE = Automatic;
				DEVELOPMENT_TEAM = GNP5RY8L8R;
				INFOPLIST_FILE = SwaysTests/Info.plist;
				IPHONEOS_DEPLOYMENT_TARGET = 13.2;
				LD_RUNPATH_SEARCH_PATHS = (
					"$(inherited)",
					"@executable_path/Frameworks",
					"@loader_path/Frameworks",
				);
				PRODUCT_BUNDLE_IDENTIFIER = "com.sullivan-decarli.SwaysTests";
				PRODUCT_NAME = "$(TARGET_NAME)";
				SWIFT_VERSION = 5.0;
				TARGETED_DEVICE_FAMILY = "1,2";
				TEST_HOST = "$(BUILT_PRODUCTS_DIR)/Sways.app/Sways";
			};
			name = Release;
		};
		75C05AC0240FE3DE0032832D /* Debug */ = {
			isa = XCBuildConfiguration;
			buildSettings = {
				CODE_SIGN_STYLE = Automatic;
				DEVELOPMENT_TEAM = GNP5RY8L8R;
				INFOPLIST_FILE = SwaysUITests/Info.plist;
				LD_RUNPATH_SEARCH_PATHS = (
					"$(inherited)",
					"@executable_path/Frameworks",
					"@loader_path/Frameworks",
				);
				PRODUCT_BUNDLE_IDENTIFIER = "com.sullivan-decarli.SwaysUITests";
				PRODUCT_NAME = "$(TARGET_NAME)";
				SWIFT_VERSION = 5.0;
				TARGETED_DEVICE_FAMILY = "1,2";
				TEST_TARGET_NAME = Sways;
			};
			name = Debug;
		};
		75C05AC1240FE3DE0032832D /* Release */ = {
			isa = XCBuildConfiguration;
			buildSettings = {
				CODE_SIGN_STYLE = Automatic;
				DEVELOPMENT_TEAM = GNP5RY8L8R;
				INFOPLIST_FILE = SwaysUITests/Info.plist;
				LD_RUNPATH_SEARCH_PATHS = (
					"$(inherited)",
					"@executable_path/Frameworks",
					"@loader_path/Frameworks",
				);
				PRODUCT_BUNDLE_IDENTIFIER = "com.sullivan-decarli.SwaysUITests";
				PRODUCT_NAME = "$(TARGET_NAME)";
				SWIFT_VERSION = 5.0;
				TARGETED_DEVICE_FAMILY = "1,2";
				TEST_TARGET_NAME = Sways;
			};
			name = Release;
		};
/* End XCBuildConfiguration section */

/* Begin XCConfigurationList section */
		75C05A8A240FE3DC0032832D /* Build configuration list for PBXProject "Sways" */ = {
			isa = XCConfigurationList;
			buildConfigurations = (
				75C05AB7240FE3DE0032832D /* Debug */,
				75C05AB8240FE3DE0032832D /* Release */,
			);
			defaultConfigurationIsVisible = 0;
			defaultConfigurationName = Release;
		};
		75C05AB9240FE3DE0032832D /* Build configuration list for PBXNativeTarget "Sways" */ = {
			isa = XCConfigurationList;
			buildConfigurations = (
				75C05ABA240FE3DE0032832D /* Debug */,
				75C05ABB240FE3DE0032832D /* Release */,
			);
			defaultConfigurationIsVisible = 0;
			defaultConfigurationName = Release;
		};
		75C05ABC240FE3DE0032832D /* Build configuration list for PBXNativeTarget "SwaysTests" */ = {
			isa = XCConfigurationList;
			buildConfigurations = (
				75C05ABD240FE3DE0032832D /* Debug */,
				75C05ABE240FE3DE0032832D /* Release */,
			);
			defaultConfigurationIsVisible = 0;
			defaultConfigurationName = Release;
		};
		75C05ABF240FE3DE0032832D /* Build configuration list for PBXNativeTarget "SwaysUITests" */ = {
			isa = XCConfigurationList;
			buildConfigurations = (
				75C05AC0240FE3DE0032832D /* Debug */,
				75C05AC1240FE3DE0032832D /* Release */,
			);
			defaultConfigurationIsVisible = 0;
			defaultConfigurationName = Release;
		};
/* End XCConfigurationList section */
	};
	rootObject = 75C05A87240FE3DC0032832D /* Project object */;
}
